
Microsoft Visual Studio Solution File, Format Version 12.00
# Visual Studio Version 16
VisualStudioVersion = 16.0.31321.278
MinimumVisualStudioVersion = 10.0.40219.1
Project("{FAE04EC0-301F-11D3-BF4B-00C04F79EFBC}") = "EmptyMVC", "EmptyMVC\EmptyMVC.csproj", "{6120C62B-F1A5-45D1-93F3-76641328762A}"
EndProject
Project("{FAE04EC0-301F-11D3-BF4B-00C04F79EFBC}") = "EmptyMVC.Tests", "EmptyMVC.Tests\EmptyMVC.Tests.csproj", "{35C71CF6-F024-4861-B412-45502E56DD3D}"
EndProject
Project("{FAE04EC0-301F-11D3-BF4B-00C04F79EFBC}") = "MathModel", "Model\MathModel.csproj", "{768B9C58-F9B3-437E-97A6-E56FE796FF78}"
EndProject
Project("{FAE04EC0-301F-11D3-BF4B-00C04F79EFBC}") = "MechanicsModel", "MechanicsModel\MechanicsModel.csproj", "{9A4AC7BD-B501-4905-980B-F2B5E9ABA15C}"
EndProject
Project("{FAE04EC0-301F-11D3-BF4B-00C04F79EFBC}") = "RumExceptions", "RumExceptions\RumExceptions.csproj", "{8B9AB72B-5409-4FEF-94C5-51A5FD5199CF}"
EndProject
Project("{FAE04EC0-301F-11D3-BF4B-00C04F79EFBC}") = "Mapper", "Mapper\Mapper.csproj", "{49D1311A-AC35-448C-BC01-E9574D163E8B}"
EndProject
Project("{FAE04EC0-301F-11D3-BF4B-00C04F79EFBC}") = "DTOModel", "DTOModel\DTOModel.csproj", "{41048E9F-83E3-4337-9C61-CED466C66F38}"
EndProject
Project("{FAE04EC0-301F-11D3-BF4B-00C04F79EFBC}") = "ConsoleSolver", "ConsoleSolver\ConsoleSolver.csproj", "{C63A4B4D-9089-4502-BA69-CD5E30A3DE9C}"
EndProject
Global
	GlobalSection(SolutionConfigurationPlatforms) = preSolution
		Debug|Any CPU = Debug|Any CPU
		Release|Any CPU = Release|Any CPU
	EndGlobalSection
	GlobalSection(ProjectConfigurationPlatforms) = postSolution
		{6120C62B-F1A5-45D1-93F3-76641328762A}.Debug|Any CPU.ActiveCfg = Debug|Any CPU
		{6120C62B-F1A5-45D1-93F3-76641328762A}.Debug|Any CPU.Build.0 = Debug|Any CPU
		{6120C62B-F1A5-45D1-93F3-76641328762A}.Release|Any CPU.ActiveCfg = Release|Any CPU
		{6120C62B-F1A5-45D1-93F3-76641328762A}.Release|Any CPU.Build.0 = Release|Any CPU
		{35C71CF6-F024-4861-B412-45502E56DD3D}.Debug|Any CPU.ActiveCfg = Debug|Any CPU
		{35C71CF6-F024-4861-B412-45502E56DD3D}.Debug|Any CPU.Build.0 = Debug|Any CPU
		{35C71CF6-F024-4861-B412-45502E56DD3D}.Release|Any CPU.ActiveCfg = Release|Any CPU
		{35C71CF6-F024-4861-B412-45502E56DD3D}.Release|Any CPU.Build.0 = Release|Any CPU
		{768B9C58-F9B3-437E-97A6-E56FE796FF78}.Debug|Any CPU.ActiveCfg = Debug|Any CPU
		{768B9C58-F9B3-437E-97A6-E56FE796FF78}.Debug|Any CPU.Build.0 = Debug|Any CPU
		{768B9C58-F9B3-437E-97A6-E56FE796FF78}.Release|Any CPU.ActiveCfg = Release|Any CPU
		{768B9C58-F9B3-437E-97A6-E56FE796FF78}.Release|Any CPU.Build.0 = Release|Any CPU
		{9A4AC7BD-B501-4905-980B-F2B5E9ABA15C}.Debug|Any CPU.ActiveCfg = Debug|Any CPU
		{9A4AC7BD-B501-4905-980B-F2B5E9ABA15C}.Debug|Any CPU.Build.0 = Debug|Any CPU
		{9A4AC7BD-B501-4905-980B-F2B5E9ABA15C}.Release|Any CPU.ActiveCfg = Release|Any CPU
		{9A4AC7BD-B501-4905-980B-F2B5E9ABA15C}.Release|Any CPU.Build.0 = Release|Any CPU
		{8B9AB72B-5409-4FEF-94C5-51A5FD5199CF}.Debug|Any CPU.ActiveCfg = Debug|Any CPU
		{8B9AB72B-5409-4FEF-94C5-51A5FD5199CF}.Debug|Any CPU.Build.0 = Debug|Any CPU
		{8B9AB72B-5409-4FEF-94C5-51A5FD5199CF}.Release|Any CPU.ActiveCfg = Release|Any CPU
		{8B9AB72B-5409-4FEF-94C5-51A5FD5199CF}.Release|Any CPU.Build.0 = Release|Any CPU
		{49D1311A-AC35-448C-BC01-E9574D163E8B}.Debug|Any CPU.ActiveCfg = Debug|Any CPU
		{49D1311A-AC35-448C-BC01-E9574D163E8B}.Debug|Any CPU.Build.0 = Debug|Any CPU
		{49D1311A-AC35-448C-BC01-E9574D163E8B}.Release|Any CPU.ActiveCfg = Release|Any CPU
		{49D1311A-AC35-448C-BC01-E9574D163E8B}.Release|Any CPU.Build.0 = Release|Any CPU
		{41048E9F-83E3-4337-9C61-CED466C66F38}.Debug|Any CPU.ActiveCfg = Debug|Any CPU
		{41048E9F-83E3-4337-9C61-CED466C66F38}.Debug|Any CPU.Build.0 = Debug|Any CPU
		{41048E9F-83E3-4337-9C61-CED466C66F38}.Release|Any CPU.ActiveCfg = Release|Any CPU
		{41048E9F-83E3-4337-9C61-CED466C66F38}.Release|Any CPU.Build.0 = Release|Any CPU
		{C63A4B4D-9089-4502-BA69-CD5E30A3DE9C}.Debug|Any CPU.ActiveCfg = Debug|Any CPU
		{C63A4B4D-9089-4502-BA69-CD5E30A3DE9C}.Debug|Any CPU.Build.0 = Debug|Any CPU
		{C63A4B4D-9089-4502-BA69-CD5E30A3DE9C}.Release|Any CPU.ActiveCfg = Release|Any CPU
		{C63A4B4D-9089-4502-BA69-CD5E30A3DE9C}.Release|Any CPU.Build.0 = Release|Any CPU
	EndGlobalSection
	GlobalSection(SolutionProperties) = preSolution
		HideSolutionNode = FALSE
	EndGlobalSection
	GlobalSection(ExtensibilityGlobals) = postSolution
		SolutionGuid = {F16A03DE-F5A1-4219-B0CC-AD8FFC34784C}
	EndGlobalSection
EndGlobal
